
Microsoft Visual Studio Solution File, Format Version 12.00
# Visual Studio Version 16
VisualStudioVersion = 16.0.32428.217
MinimumVisualStudioVersion = 10.0.40219.1
Project("{FAE04EC0-301F-11D3-BF4B-00C04F79EFBC}") = "TicketDeVentaP1", "TicketDeVentaP1.csproj", "{946FFE96-F437-4844-BB74-90D4150A3A31}"
EndProject
Global
	GlobalSection(SolutionConfigurationPlatforms) = preSolution
		Debug|Any CPU = Debug|Any CPU
		Release|Any CPU = Release|Any CPU
	EndGlobalSection
	GlobalSection(ProjectConfigurationPlatforms) = postSolution
		{946FFE96-F437-4844-BB74-90D4150A3A31}.Debug|Any CPU.ActiveCfg = Debug|Any CPU
		{946FFE96-F437-4844-BB74-90D4150A3A31}.Debug|Any CPU.Build.0 = Debug|Any CPU
		{946FFE96-F437-4844-BB74-90D4150A3A31}.Release|Any CPU.ActiveCfg = Release|Any CPU
		{946FFE96-F437-4844-BB74-90D4150A3A31}.Release|Any CPU.Build.0 = Release|Any CPU
	EndGlobalSection
	GlobalSection(SolutionProperties) = preSolution
		HideSolutionNode = FALSE
	EndGlobalSection
	GlobalSection(ExtensibilityGlobals) = postSolution
		SolutionGuid = {D9380AA8-2DDA-4A8D-AAC4-0CAF3D9EF2D4}
	EndGlobalSection
EndGlobal
